// !$*UTF8*$!
{
	archiveVersion = 1;
	classes = {
	};
	objectVersion = 46;
	objects = {

/* Begin PBXBuildFile section */
		7B2264731D845D1300320E80 /* main.cpp in Sources */ = {isa = PBXBuildFile; fileRef = 7B2264721D845D1300320E80 /* main.cpp */; };
		7B2264811D8463D700320E80 /* grammar.cpp in Sources */ = {isa = PBXBuildFile; fileRef = 7B22647F1D8463D700320E80 /* grammar.cpp */; };
		7B2264841D8465C800320E80 /* string_util.cpp in Sources */ = {isa = PBXBuildFile; fileRef = 7B2264821D8465C800320E80 /* string_util.cpp */; };
		7B2264871D84677200320E80 /* sentence.cpp in Sources */ = {isa = PBXBuildFile; fileRef = 7B2264851D84677200320E80 /* sentence.cpp */; };
		7B22648A1D84E50D00320E80 /* nrand.cpp in Sources */ = {isa = PBXBuildFile; fileRef = 7B2264881D84E50D00320E80 /* nrand.cpp */; };
/* End PBXBuildFile section */

/* Begin PBXCopyFilesBuildPhase section */
		7B22646D1D845D1300320E80 /* CopyFiles */ = {
			isa = PBXCopyFilesBuildPhase;
			buildActionMask = 2147483647;
			dstPath = /usr/share/man/man1/;
			dstSubfolderSpec = 0;
			files = (
			);
			runOnlyForDeploymentPostprocessing = 1;
		};
/* End PBXCopyFilesBuildPhase section */

/* Begin PBXFileReference section */
		7B22646F1D845D1300320E80 /* Chapter7-2 */ = {isa = PBXFileReference; explicitFileType = "compiled.mach-o.executable"; includeInIndex = 0; path = "Chapter7-2"; sourceTree = BUILT_PRODUCTS_DIR; };
		7B2264721D845D1300320E80 /* main.cpp */ = {isa = PBXFileReference; lastKnownFileType = sourcecode.cpp.cpp; path = main.cpp; sourceTree = "<group>"; };
		7B22647F1D8463D700320E80 /* grammar.cpp */ = {isa = PBXFileReference; fileEncoding = 4; lastKnownFileType = sourcecode.cpp.cpp; path = grammar.cpp; sourceTree = "<group>"; };
		7B2264801D8463D700320E80 /* grammar.h */ = {isa = PBXFileReference; fileEncoding = 4; lastKnownFileType = sourcecode.c.h; path = grammar.h; sourceTree = "<group>"; };
		7B2264821D8465C800320E80 /* string_util.cpp */ = {isa = PBXFileReference; fileEncoding = 4; lastKnownFileType = sourcecode.cpp.cpp; path = string_util.cpp; sourceTree = "<group>"; };
		7B2264831D8465C800320E80 /* string_util.h */ = {isa = PBXFileReference; fileEncoding = 4; lastKnownFileType = sourcecode.c.h; path = string_util.h; sourceTree = "<group>"; };
		7B2264851D84677200320E80 /* sentence.cpp */ = {isa = PBXFileReference; fileEncoding = 4; lastKnownFileType = sourcecode.cpp.cpp; path = sentence.cpp; sourceTree = "<group>"; };
		7B2264861D84677200320E80 /* sentence.h */ = {isa = PBXFileReference; fileEncoding = 4; lastKnownFileType = sourcecode.c.h; path = sentence.h; sourceTree = "<group>"; };
		7B2264881D84E50D00320E80 /* nrand.cpp */ = {isa = PBXFileReference; fileEncoding = 4; lastKnownFileType = sourcecode.cpp.cpp; path = nrand.cpp; sourceTree = "<group>"; };
		7B2264891D84E50D00320E80 /* nrand.h */ = {isa = PBXFileReference; fileEncoding = 4; lastKnownFileType = sourcecode.c.h; path = nrand.h; sourceTree = "<group>"; };
/* End PBXFileReference section */

/* Begin PBXFrameworksBuildPhase section */
		7B22646C1D845D1300320E80 /* Frameworks */ = {
			isa = PBXFrameworksBuildPhase;
			buildActionMask = 2147483647;
			files = (
			);
			runOnlyForDeploymentPostprocessing = 0;
		};
/* End PBXFrameworksBuildPhase section */

/* Begin PBXGroup section */
		7B2264661D845D1300320E80 = {
			isa = PBXGroup;
			children = (
				7B2264711D845D1300320E80 /* Chapter7-2 */,
				7B2264701D845D1300320E80 /* Products */,
			);
			sourceTree = "<group>";
		};
		7B2264701D845D1300320E80 /* Products */ = {
			isa = PBXGroup;
			children = (
				7B22646F1D845D1300320E80 /* Chapter7-2 */,
			);
			name = Products;
			sourceTree = "<group>";
		};
		7B2264711D845D1300320E80 /* Chapter7-2 */ = {
			isa = PBXGroup;
			children = (
				7B2264821D8465C800320E80 /* string_util.cpp */,
				7B2264831D8465C800320E80 /* string_util.h */,
				7B22647F1D8463D700320E80 /* grammar.cpp */,
				7B2264801D8463D700320E80 /* grammar.h */,
				7B2264721D845D1300320E80 /* main.cpp */,
				7B2264851D84677200320E80 /* sentence.cpp */,
				7B2264861D84677200320E80 /* sentence.h */,
				7B2264881D84E50D00320E80 /* nrand.cpp */,
				7B2264891D84E50D00320E80 /* nrand.h */,
			);
			path = "Chapter7-2";
			sourceTree = "<group>";
		};
/* End PBXGroup section */

/* Begin PBXNativeTarget section */
		7B22646E1D845D1300320E80 /* Chapter7-2 */ = {
			isa = PBXNativeTarget;
			buildConfigurationList = 7B2264761D845D1300320E80 /* Build configuration list for PBXNativeTarget "Chapter7-2" */;
			buildPhases = (
				7B22646B1D845D1300320E80 /* Sources */,
				7B22646C1D845D1300320E80 /* Frameworks */,
				7B22646D1D845D1300320E80 /* CopyFiles */,
			);
			buildRules = (
			);
			dependencies = (
			);
			name = "Chapter7-2";
			productName = "Chapter7-2";
			productReference = 7B22646F1D845D1300320E80 /* Chapter7-2 */;
			productType = "com.apple.product-type.tool";
		};
/* End PBXNativeTarget section */

/* Begin PBXProject section */
		7B2264671D845D1300320E80 /* Project object */ = {
			isa = PBXProject;
			attributes = {
				LastUpgradeCheck = 0730;
				ORGANIZATIONNAME = "Andrew Meyers";
				TargetAttributes = {
					7B22646E1D845D1300320E80 = {
						CreatedOnToolsVersion = 7.3.1;
					};
				};
			};
			buildConfigurationList = 7B22646A1D845D1300320E80 /* Build configuration list for PBXProject "Chapter7-2" */;
			compatibilityVersion = "Xcode 3.2";
			developmentRegion = English;
			hasScannedForEncodings = 0;
			knownRegions = (
				en,
			);
			mainGroup = 7B2264661D845D1300320E80;
			productRefGroup = 7B2264701D845D1300320E80 /* Products */;
			projectDirPath = "";
			projectRoot = "";
			targets = (
				7B22646E1D845D1300320E80 /* Chapter7-2 */,
			);
		};
/* End PBXProject section */

/* Begin PBXSourcesBuildPhase section */
		7B22646B1D845D1300320E80 /* Sources */ = {
			isa = PBXSourcesBuildPhase;
			buildActionMask = 2147483647;
			files = (
				7B2264841D8465C800320E80 /* string_util.cpp in Sources */,
				7B2264731D845D1300320E80 /* main.cpp in Sources */,
				7B2264871D84677200320E80 /* sentence.cpp in Sources */,
				7B22648A1D84E50D00320E80 /* nrand.cpp in Sources */,
				7B2264811D8463D700320E80 /* grammar.cpp in Sources */,
			);
			runOnlyForDeploymentPostprocessing = 0;
		};
/* End PBXSourcesBuildPhase section */

/* Begin XCBuildConfiguration section */
		7B2264741D845D1300320E80 /* Debug */ = {
			isa = XCBuildConfiguration;
			buildSettings = {
				ALWAYS_SEARCH_USER_PATHS = NO;
				CLANG_ANALYZER_NONNULL = YES;
				CLANG_CXX_LANGUAGE_STANDARD = "gnu++0x";
				CLANG_CXX_LIBRARY = "libc++";
				CLANG_ENABLE_MODULES = YES;
				CLANG_ENABLE_OBJC_ARC = YES;
				CLANG_WARN_BOOL_CONVERSION = YES;
				CLANG_WARN_CONSTANT_CONVERSION = YES;
				CLANG_WARN_DIRECT_OBJC_ISA_USAGE = YES_ERROR;
				CLANG_WARN_EMPTY_BODY = YES;
				CLANG_WARN_ENUM_CONVERSION = YES;
				CLANG_WARN_INT_CONVERSION = YES;
				CLANG_WARN_OBJC_ROOT_CLASS = YES_ERROR;
				CLANG_WARN_UNREACHABLE_CODE = YES;
				CLANG_WARN__DUPLICATE_METHOD_MATCH = YES;
				CODE_SIGN_IDENTITY = "-";
				COPY_PHASE_STRIP = NO;
				DEBUG_INFORMATION_FORMAT = dwarf;
				ENABLE_STRICT_OBJC_MSGSEND = YES;
				ENABLE_TESTABILITY = YES;
				GCC_C_LANGUAGE_STANDARD = gnu99;
				GCC_DYNAMIC_NO_PIC = NO;
				GCC_NO_COMMON_BLOCKS = YES;
				GCC_OPTIMIZATION_LEVEL = 0;
				GCC_PREPROCESSOR_DEFINITIONS = (
					"DEBUG=1",
					"$(inherited)",
				);
				GCC_WARN_64_TO_32_BIT_CONVERSION = YES;
				GCC_WARN_ABOUT_RETURN_TYPE = YES_ERROR;
				GCC_WARN_UNDECLARED_SELECTOR = YES;
				GCC_WARN_UNINITIALIZED_AUTOS = YES_AGGRESSIVE;
				GCC_WARN_UNUSED_FUNCTION = YES;
				GCC_WARN_UNUSED_VARIABLE = YES;
				MACOSX_DEPLOYMENT_TARGET = 10.11;
				MTL_ENABLE_DEBUG_INFO = YES;
				ONLY_ACTIVE_ARCH = YES;
				SDKROOT = macosx;
			};
			name = Debug;
		};
		7B2264751D845D1300320E80 /* Release */ = {
			isa = XCBuildConfiguration;
			buildSettings = {
				ALWAYS_SEARCH_USER_PATHS = NO;
				CLANG_ANALYZER_NONNULL = YES;
				CLANG_CXX_LANGUAGE_STANDARD = "gnu++0x";
				CLANG_CXX_LIBRARY = "libc++";
				CLANG_ENABLE_MODULES = YES;
				CLANG_ENABLE_OBJC_ARC = YES;
				CLANG_WARN_BOOL_CONVERSION = YES;
				CLANG_WARN_CONSTANT_CONVERSION = YES;
				CLANG_WARN_DIRECT_OBJC_ISA_USAGE = YES_ERROR;
				CLANG_WARN_EMPTY_BODY = YES;
				CLANG_WARN_ENUM_CONVERSION = YES;
				CLANG_WARN_INT_CONVERSION = YES;
				CLANG_WARN_OBJC_ROOT_CLASS = YES_ERROR;
				CLANG_WARN_UNREACHABLE_CODE = YES;
				CLANG_WARN__DUPLICATE_METHOD_MATCH = YES;
				CODE_SIGN_IDENTITY = "-";
				COPY_PHASE_STRIP = NO;
				DEBUG_INFORMATION_FORMAT = "dwarf-with-dsym";
				ENABLE_NS_ASSERTIONS = NO;
				ENABLE_STRICT_OBJC_MSGSEND = YES;
				GCC_C_LANGUAGE_STANDARD = gnu99;
				GCC_NO_COMMON_BLOCKS = YES;
				GCC_WARN_64_TO_32_BIT_CONVERSION = YES;
				GCC_WARN_ABOUT_RETURN_TYPE = YES_ERROR;
				GCC_WARN_UNDECLARED_SELECTOR = YES;
				GCC_WARN_UNINITIALIZED_AUTOS = YES_AGGRESSIVE;
				GCC_WARN_UNUSED_FUNCTION = YES;
				GCC_WARN_UNUSED_VARIABLE = YES;
				MACOSX_DEPLOYMENT_TARGET = 10.11;
				MTL_ENABLE_DEBUG_INFO = NO;
				SDKROOT = macosx;
			};
			name = Release;
		};
		7B2264771D845D1300320E80 /* Debug */ = {
			isa = XCBuildConfiguration;
			buildSettings = {
				PRODUCT_NAME = "$(TARGET_NAME)";
			};
			name = Debug;
		};
		7B2264781D845D1300320E80 /* Release */ = {
			isa = XCBuildConfiguration;
			buildSettings = {
				PRODUCT_NAME = "$(TARGET_NAME)";
			};
			name = Release;
		};
/* End XCBuildConfiguration section */

/* Begin XCConfigurationList section */
		7B22646A1D845D1300320E80 /* Build configuration list for PBXProject "Chapter7-2" */ = {
			isa = XCConfigurationList;
			buildConfigurations = (
				7B2264741D845D1300320E80 /* Debug */,
				7B2264751D845D1300320E80 /* Release */,
			);
			defaultConfigurationIsVisible = 0;
			defaultConfigurationName = Release;
		};
		7B2264761D845D1300320E80 /* Build configuration list for PBXNativeTarget "Chapter7-2" */ = {
			isa = XCConfigurationList;
			buildConfigurations = (
				7B2264771D845D1300320E80 /* Debug */,
				7B2264781D845D1300320E80 /* Release */,
			);
			defaultConfigurationIsVisible = 0;
		};
/* End XCConfigurationList section */
	};
	rootObject = 7B2264671D845D1300320E80 /* Project object */;
}
